PODS:
  - TesseractOCRiOS (4.0.0)

DEPENDENCIES:
  - TesseractOCRiOS (= 4.0.0)

SPEC REPOS:
  https://github.com/CocoaPods/Specs.git:
    - TesseractOCRiOS

SPEC CHECKSUMS:
  TesseractOCRiOS: 90638afbe43d082433f2e76b384c7901d23956df

PODFILE CHECKSUM: 26120361c300fc0bf205a6bb20d1c6142d9de659

COCOAPODS: 1.5.0
